<Solution>
  <Folder Name="/bench/">
    <Project Path="bench/Aether.Benchmarks/Aether.Benchmarks.csproj" />
  </Folder>
  <Folder Name="/samples/">
    <Project Path="samples/Aether.BleRfTest/Aether.BleRfTest.csproj" />
    <Project Path="samples/Aether.Demo.Console/Aether.Demo.Console.csproj" />
    <Project Path="samples/Aether.RelayServer/Aether.RelayServer.csproj" />
    <Project Path="samples/Aether.RelayRfTest/Aether.RelayRfTest.csproj" />
    <Project Path="samples/Aether.WifiDirectRfTest/Aether.WifiDirectRfTest.csproj" />
  </Folder>
  <Folder Name="/src/">
    <Project Path="src/Aether.Content/Aether.Content.csproj" />
    <Project Path="src/Aether.Core/Aether.Core.csproj" />
    <Project Path="src/Aether.Space/Aether.Space.csproj" />
    <Project Path="src/Aether.Forge/Aether.Forge.csproj" />
    <Project Path="src/Aether.Vault/Aether.Vault.csproj" />
    <Project Path="src/Aether.Market/Aether.Market.csproj" />
    <Project Path="src/Aether.Fmhy/Aether.Fmhy.csproj" />
    <Project Path="src/Aether.DependencyInjection/Aether.DependencyInjection.csproj" />
    <Project Path="src/Aether.Messaging/Aether.Messaging.csproj" />
    <Project Path="src/Aether.Security/Aether.Security.csproj" />
    <Project Path="src/Aether.Storage/Aether.Storage.csproj" />
    <Project Path="src/Aether.Streaming/Aether.Streaming.csproj" />
    <Project Path="src/Aether.Transport.Windows/Aether.Transport.Windows.csproj" />
    <Project Path="src/Aether.Transport/Aether.Transport.csproj" />
    <Project Path="src/Aether.Voice/Aether.Voice.csproj" />
  </Folder>
  <Folder Name="/tests/">
    <Project Path="tests/Aether.Core.Tests/Aether.Core.Tests.csproj" />
    <Project Path="tests/Aether.Space.Tests/Aether.Space.Tests.csproj" />
    <Project Path="tests/Aether.Forge.Tests/Aether.Forge.Tests.csproj" />
    <Project Path="tests/Aether.Vault.Tests/Aether.Vault.Tests.csproj" />
    <Project Path="tests/Aether.Market.Tests/Aether.Market.Tests.csproj" />
    <Project Path="tests/Aether.Fmhy.Tests/Aether.Fmhy.Tests.csproj" />
    <Project Path="tests/Aether.Soak.Tests/Aether.Soak.Tests.csproj" />
    <Project Path="tests/cross-language/runners/csharp/Aether.InteropTest.csproj" />
  </Folder>
</Solution>
