<Solution>
  <Folder Name="/bench/">
    <Project Path="bench/AetherMesh.Benchmarks/AetherMesh.Benchmarks.csproj" />
  </Folder>
  <Folder Name="/samples/">
    <Project Path="samples/AetherMesh.BleRfTest/AetherMesh.BleRfTest.csproj" />
    <Project Path="samples/AetherMesh.Demo.Console/AetherMesh.Demo.Console.csproj" />
    <Project Path="samples/AetherMesh.RelayServer/AetherMesh.RelayServer.csproj" />
    <Project Path="samples/AetherMesh.RelayRfTest/AetherMesh.RelayRfTest.csproj" />
    <Project Path="samples/AetherMesh.WifiDirectRfTest/AetherMesh.WifiDirectRfTest.csproj" />
  </Folder>
  <Folder Name="/src/">
    <Project Path="src/AetherMesh.Content/AetherMesh.Content.csproj" />
    <Project Path="src/AetherMesh.Core/AetherMesh.Core.csproj" />
    <Project Path="src/AetherMesh.Space/AetherMesh.Space.csproj" />
    <Project Path="src/AetherMesh.Forge/AetherMesh.Forge.csproj" />
    <Project Path="src/AetherMesh.Vault/AetherMesh.Vault.csproj" />
    <Project Path="src/AetherMesh.Market/AetherMesh.Market.csproj" />
    <Project Path="src/AetherMesh.Fmhy/AetherMesh.Fmhy.csproj" />
    <Project Path="src/AetherMesh.DependencyInjection/AetherMesh.DependencyInjection.csproj" />
    <Project Path="src/AetherMesh.Messaging/AetherMesh.Messaging.csproj" />
    <Project Path="src/AetherMesh.Security/AetherMesh.Security.csproj" />
    <Project Path="src/AetherMesh.Storage/AetherMesh.Storage.csproj" />
    <Project Path="src/AetherMesh.Streaming/AetherMesh.Streaming.csproj" />
    <Project Path="src/AetherMesh.Transport.Windows/AetherMesh.Transport.Windows.csproj" />
    <Project Path="src/AetherMesh.Transport/AetherMesh.Transport.csproj" />
    <Project Path="src/AetherMesh.Voice/AetherMesh.Voice.csproj" />
  </Folder>
  <Folder Name="/tests/">
    <Project Path="tests/AetherMesh.Core.Tests/AetherMesh.Core.Tests.csproj" />
    <Project Path="tests/AetherMesh.Space.Tests/AetherMesh.Space.Tests.csproj" />
    <Project Path="tests/AetherMesh.Forge.Tests/AetherMesh.Forge.Tests.csproj" />
    <Project Path="tests/AetherMesh.Vault.Tests/AetherMesh.Vault.Tests.csproj" />
    <Project Path="tests/AetherMesh.Market.Tests/AetherMesh.Market.Tests.csproj" />
    <Project Path="tests/AetherMesh.Fmhy.Tests/AetherMesh.Fmhy.Tests.csproj" />
    <Project Path="tests/AetherMesh.Soak.Tests/AetherMesh.Soak.Tests.csproj" />
    <Project Path="tests/cross-language/runners/csharp/AetherMesh.InteropTest.csproj" />
  </Folder>
</Solution>
